<Solution>
  <Project Path="src/UFOps.Core/UFOps.Core.csproj" />
  <Project Path="src/UFOps.EngineSdk/UFOps.EngineSdk.csproj" />
  <Project Path="src/UFOps.Foundation.Storage/UFOps.Foundation.Storage.csproj" />
  <Project Path="src/UFOps.Foundation.Host/UFOps.Foundation.Host.csproj" />
  <Project Path="tests/UFOps.Foundation.Tests/UFOps.Foundation.Tests.csproj" />
</Solution>
